
Microsoft Visual Studio Solution File, Format Version 12.00
# Visual Studio Version 17
VisualStudioVersion = 17.6.33801.468
MinimumVisualStudioVersion = 10.0.40219.1
Project("{FAE04EC0-301F-11D3-BF4B-00C04F79EFBC}") = "Enrolment System App", "Enrolment System App.csproj", "{5A23F719-3F71-4B73-9017-B3B6BEAEC3AA}"
EndProject
Global
	GlobalSection(SolutionConfigurationPlatforms) = preSolution
		Debug|Any CPU = Debug|Any CPU
		Release|Any CPU = Release|Any CPU
	EndGlobalSection
	GlobalSection(ProjectConfigurationPlatforms) = postSolution
		{5A23F719-3F71-4B73-9017-B3B6BEAEC3AA}.Debug|Any CPU.ActiveCfg = Debug|Any CPU
		{5A23F719-3F71-4B73-9017-B3B6BEAEC3AA}.Debug|Any CPU.Build.0 = Debug|Any CPU
		{5A23F719-3F71-4B73-9017-B3B6BEAEC3AA}.Release|Any CPU.ActiveCfg = Release|Any CPU
		{5A23F719-3F71-4B73-9017-B3B6BEAEC3AA}.Release|Any CPU.Build.0 = Release|Any CPU
	EndGlobalSection
	GlobalSection(SolutionProperties) = preSolution
		HideSolutionNode = FALSE
	EndGlobalSection
	GlobalSection(ExtensibilityGlobals) = postSolution
		SolutionGuid = {435EC644-C470-4CBA-BDCF-7C0FA1A61F09}
	EndGlobalSection
EndGlobal
