
Microsoft Visual Studio Solution File, Format Version 12.00
# Visual Studio Version 16
VisualStudioVersion = 16.0.32510.428
MinimumVisualStudioVersion = 10.0.40219.1
Project("{FAE04EC0-301F-11D3-BF4B-00C04F79EFBC}") = "Week3Demos", "Week3Demos\Week3Demos.csproj", "{7A003A08-35AB-4858-B68F-FD0599206875}"
EndProject
Global
	GlobalSection(SolutionConfigurationPlatforms) = preSolution
		Debug|Any CPU = Debug|Any CPU
		Release|Any CPU = Release|Any CPU
	EndGlobalSection
	GlobalSection(ProjectConfigurationPlatforms) = postSolution
		{7A003A08-35AB-4858-B68F-FD0599206875}.Debug|Any CPU.ActiveCfg = Debug|Any CPU
		{7A003A08-35AB-4858-B68F-FD0599206875}.Debug|Any CPU.Build.0 = Debug|Any CPU
		{7A003A08-35AB-4858-B68F-FD0599206875}.Release|Any CPU.ActiveCfg = Release|Any CPU
		{7A003A08-35AB-4858-B68F-FD0599206875}.Release|Any CPU.Build.0 = Release|Any CPU
	EndGlobalSection
	GlobalSection(SolutionProperties) = preSolution
		HideSolutionNode = FALSE
	EndGlobalSection
	GlobalSection(ExtensibilityGlobals) = postSolution
		SolutionGuid = {F0460628-5B1A-4770-9C23-A74A65635977}
	EndGlobalSection
EndGlobal
